
Microsoft Visual Studio Solution File, Format Version 12.00
# Visual Studio Version 17
VisualStudioVersion = 17.6.33829.357
MinimumVisualStudioVersion = 10.0.40219.1
Project("{9A19103F-16F7-4668-BE54-9A1E7A4F7556}") = "KampIntro", "KampIntro\KampIntro.csproj", "{BBE20E2F-F6EF-438E-94AF-7160F23E94F4}"
EndProject
Project("{9A19103F-16F7-4668-BE54-9A1E7A4F7556}") = "Donguler", "Donguler\Donguler.csproj", "{8C08F612-5A44-4866-AA69-9BE821681D76}"
EndProject
Project("{9A19103F-16F7-4668-BE54-9A1E7A4F7556}") = "ClassIntro", "ClassIntro\ClassIntro.csproj", "{0AEAC9D5-F6AD-4014-B562-829A5D095E8B}"
EndProject
Project("{9A19103F-16F7-4668-BE54-9A1E7A4F7556}") = "Metotlar", "Metotlar\Metotlar.csproj", "{A0CA3C41-5743-401E-BDD3-B9EA07D8ADA0}"
EndProject
Project("{FAE04EC0-301F-11D3-BF4B-00C04F79EFBC}") = "Matematik", "Matematik\Matematik.csproj", "{A72F0964-2866-4C94-A07A-5435E3EBADB1}"
EndProject
Project("{FAE04EC0-301F-11D3-BF4B-00C04F79EFBC}") = "DegerVeReferansTipler", "DegerVeReferansTipler\DegerVeReferansTipler.csproj", "{FA929B99-8516-4741-B0E0-185980ECFF29}"
EndProject
Global
	GlobalSection(SolutionConfigurationPlatforms) = preSolution
		Debug|Any CPU = Debug|Any CPU
		Release|Any CPU = Release|Any CPU
	EndGlobalSection
	GlobalSection(ProjectConfigurationPlatforms) = postSolution
		{BBE20E2F-F6EF-438E-94AF-7160F23E94F4}.Debug|Any CPU.ActiveCfg = Debug|Any CPU
		{BBE20E2F-F6EF-438E-94AF-7160F23E94F4}.Debug|Any CPU.Build.0 = Debug|Any CPU
		{BBE20E2F-F6EF-438E-94AF-7160F23E94F4}.Release|Any CPU.ActiveCfg = Release|Any CPU
		{BBE20E2F-F6EF-438E-94AF-7160F23E94F4}.Release|Any CPU.Build.0 = Release|Any CPU
		{8C08F612-5A44-4866-AA69-9BE821681D76}.Debug|Any CPU.ActiveCfg = Debug|Any CPU
		{8C08F612-5A44-4866-AA69-9BE821681D76}.Debug|Any CPU.Build.0 = Debug|Any CPU
		{8C08F612-5A44-4866-AA69-9BE821681D76}.Release|Any CPU.ActiveCfg = Release|Any CPU
		{8C08F612-5A44-4866-AA69-9BE821681D76}.Release|Any CPU.Build.0 = Release|Any CPU
		{0AEAC9D5-F6AD-4014-B562-829A5D095E8B}.Debug|Any CPU.ActiveCfg = Debug|Any CPU
		{0AEAC9D5-F6AD-4014-B562-829A5D095E8B}.Debug|Any CPU.Build.0 = Debug|Any CPU
		{0AEAC9D5-F6AD-4014-B562-829A5D095E8B}.Release|Any CPU.ActiveCfg = Release|Any CPU
		{0AEAC9D5-F6AD-4014-B562-829A5D095E8B}.Release|Any CPU.Build.0 = Release|Any CPU
		{A0CA3C41-5743-401E-BDD3-B9EA07D8ADA0}.Debug|Any CPU.ActiveCfg = Debug|Any CPU
		{A0CA3C41-5743-401E-BDD3-B9EA07D8ADA0}.Debug|Any CPU.Build.0 = Debug|Any CPU
		{A0CA3C41-5743-401E-BDD3-B9EA07D8ADA0}.Release|Any CPU.ActiveCfg = Release|Any CPU
		{A0CA3C41-5743-401E-BDD3-B9EA07D8ADA0}.Release|Any CPU.Build.0 = Release|Any CPU
		{A72F0964-2866-4C94-A07A-5435E3EBADB1}.Debug|Any CPU.ActiveCfg = Debug|Any CPU
		{A72F0964-2866-4C94-A07A-5435E3EBADB1}.Debug|Any CPU.Build.0 = Debug|Any CPU
		{A72F0964-2866-4C94-A07A-5435E3EBADB1}.Release|Any CPU.ActiveCfg = Release|Any CPU
		{A72F0964-2866-4C94-A07A-5435E3EBADB1}.Release|Any CPU.Build.0 = Release|Any CPU
		{FA929B99-8516-4741-B0E0-185980ECFF29}.Debug|Any CPU.ActiveCfg = Debug|Any CPU
		{FA929B99-8516-4741-B0E0-185980ECFF29}.Debug|Any CPU.Build.0 = Debug|Any CPU
		{FA929B99-8516-4741-B0E0-185980ECFF29}.Release|Any CPU.ActiveCfg = Release|Any CPU
		{FA929B99-8516-4741-B0E0-185980ECFF29}.Release|Any CPU.Build.0 = Release|Any CPU
	EndGlobalSection
	GlobalSection(SolutionProperties) = preSolution
		HideSolutionNode = FALSE
	EndGlobalSection
	GlobalSection(ExtensibilityGlobals) = postSolution
		SolutionGuid = {E09A3891-23AF-4EC1-A490-50E7CB81C26F}
	EndGlobalSection
EndGlobal
